// !$*UTF8*$!
{
	archiveVersion = 1;
	classes = {
	};
	objectVersion = 46;
	objects = {

/* Begin PBXBuildFile section */
		27F56BE31F2F863C000BB17C /* AppDelegate.swift in Sources */ = {isa = PBXBuildFile; fileRef = 27F56BE21F2F863C000BB17C /* AppDelegate.swift */; };
		27F56BE51F2F863C000BB17C /* ViewController.swift in Sources */ = {isa = PBXBuildFile; fileRef = 27F56BE41F2F863C000BB17C /* ViewController.swift */; };
		27F56BE81F2F863C000BB17C /* Main.storyboard in Resources */ = {isa = PBXBuildFile; fileRef = 27F56BE61F2F863C000BB17C /* Main.storyboard */; };
		27F56BEA1F2F863C000BB17C /* Assets.xcassets in Resources */ = {isa = PBXBuildFile; fileRef = 27F56BE91F2F863C000BB17C /* Assets.xcassets */; };
		27F56BED1F2F863C000BB17C /* LaunchScreen.storyboard in Resources */ = {isa = PBXBuildFile; fileRef = 27F56BEB1F2F863C000BB17C /* LaunchScreen.storyboard */; };
/* End PBXBuildFile section */

/* Begin PBXFileReference section */
		27F56BDF1F2F863C000BB17C /* Project31.app */ = {isa = PBXFileReference; explicitFileType = wrapper.application; includeInIndex = 0; path = Project31.app; sourceTree = BUILT_PRODUCTS_DIR; };
		27F56BE21F2F863C000BB17C /* AppDelegate.swift */ = {isa = PBXFileReference; lastKnownFileType = sourcecode.swift; path = AppDelegate.swift; sourceTree = "<group>"; };
		27F56BE41F2F863C000BB17C /* ViewController.swift */ = {isa = PBXFileReference; lastKnownFileType = sourcecode.swift; path = ViewController.swift; sourceTree = "<group>"; };
		27F56BE71F2F863C000BB17C /* Base */ = {isa = PBXFileReference; lastKnownFileType = file.storyboard; name = Base; path = Base.lproj/Main.storyboard; sourceTree = "<group>"; };
		27F56BE91F2F863C000BB17C /* Assets.xcassets */ = {isa = PBXFileReference; lastKnownFileType = folder.assetcatalog; path = Assets.xcassets; sourceTree = "<group>"; };
		27F56BEC1F2F863C000BB17C /* Base */ = {isa = PBXFileReference; lastKnownFileType = file.storyboard; name = Base; path = Base.lproj/LaunchScreen.storyboard; sourceTree = "<group>"; };
		27F56BEE1F2F863C000BB17C /* Info.plist */ = {isa = PBXFileReference; lastKnownFileType = text.plist.xml; path = Info.plist; sourceTree = "<group>"; };
/* End PBXFileReference section */

/* Begin PBXFrameworksBuildPhase section */
		27F56BDC1F2F863C000BB17C /* Frameworks */ = {
			isa = PBXFrameworksBuildPhase;
			buildActionMask = 2147483647;
			files = (
			);
			runOnlyForDeploymentPostprocessing = 0;
		};
/* End PBXFrameworksBuildPhase section */

/* Begin PBXGroup section */
		27F56BD61F2F863C000BB17C = {
			isa = PBXGroup;
			children = (
				27F56BE11F2F863C000BB17C /* Project31 */,
				27F56BE01F2F863C000BB17C /* Products */,
			);
			sourceTree = "<group>";
		};
		27F56BE01F2F863C000BB17C /* Products */ = {
			isa = PBXGroup;
			children = (
				27F56BDF1F2F863C000BB17C /* Project31.app */,
			);
			name = Products;
			sourceTree = "<group>";
		};
		27F56BE11F2F863C000BB17C /* Project31 */ = {
			isa = PBXGroup;
			children = (
				27F56BE21F2F863C000BB17C /* AppDelegate.swift */,
				27F56BE41F2F863C000BB17C /* ViewController.swift */,
				27F56BE61F2F863C000BB17C /* Main.storyboard */,
				27F56BE91F2F863C000BB17C /* Assets.xcassets */,
				27F56BEB1F2F863C000BB17C /* LaunchScreen.storyboard */,
				27F56BEE1F2F863C000BB17C /* Info.plist */,
			);
			path = Project31;
			sourceTree = "<group>";
		};
/* End PBXGroup section */

/* Begin PBXNativeTarget section */
		27F56BDE1F2F863C000BB17C /* Project31 */ = {
			isa = PBXNativeTarget;
			buildConfigurationList = 27F56BF11F2F863C000BB17C /* Build configuration list for PBXNativeTarget "Project31" */;
			buildPhases = (
				27F56BDB1F2F863C000BB17C /* Sources */,
				27F56BDC1F2F863C000BB17C /* Frameworks */,
				27F56BDD1F2F863C000BB17C /* Resources */,
			);
			buildRules = (
			);
			dependencies = (
			);
			name = Project31;
			productName = Project31;
			productReference = 27F56BDF1F2F863C000BB17C /* Project31.app */;
			productType = "com.apple.product-type.application";
		};
/* End PBXNativeTarget section */

/* Begin PBXProject section */
		27F56BD71F2F863C000BB17C /* Project object */ = {
			isa = PBXProject;
			attributes = {
				LastSwiftUpdateCheck = 0830;
				LastUpgradeCheck = 0830;
				ORGANIZATIONNAME = "Chappy-App";
				TargetAttributes = {
					27F56BDE1F2F863C000BB17C = {
						CreatedOnToolsVersion = 8.3.3;
						DevelopmentTeam = 4WU9L65MXB;
						ProvisioningStyle = Automatic;
					};
				};
			};
			buildConfigurationList = 27F56BDA1F2F863C000BB17C /* Build configuration list for PBXProject "Project31" */;
			compatibilityVersion = "Xcode 3.2";
			developmentRegion = English;
			hasScannedForEncodings = 0;
			knownRegions = (
				en,
				Base,
			);
			mainGroup = 27F56BD61F2F863C000BB17C;
			productRefGroup = 27F56BE01F2F863C000BB17C /* Products */;
			projectDirPath = "";
			projectRoot = "";
			targets = (
				27F56BDE1F2F863C000BB17C /* Project31 */,
			);
		};
/* End PBXProject section */

/* Begin PBXResourcesBuildPhase section */
		27F56BDD1F2F863C000BB17C /* Resources */ = {
			isa = PBXResourcesBuildPhase;
			buildActionMask = 2147483647;
			files = (
				27F56BED1F2F863C000BB17C /* LaunchScreen.storyboard in Resources */,
				27F56BEA1F2F863C000BB17C /* Assets.xcassets in Resources */,
				27F56BE81F2F863C000BB17C /* Main.storyboard in Resources */,
			);
			runOnlyForDeploymentPostprocessing = 0;
		};
/* End PBXResourcesBuildPhase section */

/* Begin PBXSourcesBuildPhase section */
		27F56BDB1F2F863C000BB17C /* Sources */ = {
			isa = PBXSourcesBuildPhase;
			buildActionMask = 2147483647;
			files = (
				27F56BE51F2F863C000BB17C /* ViewController.swift in Sources */,
				27F56BE31F2F863C000BB17C /* AppDelegate.swift in Sources */,
			);
			runOnlyForDeploymentPostprocessing = 0;
		};
/* End PBXSourcesBuildPhase section */

/* Begin PBXVariantGroup section */
		27F56BE61F2F863C000BB17C /* Main.storyboard */ = {
			isa = PBXVariantGroup;
			children = (
				27F56BE71F2F863C000BB17C /* Base */,
			);
			name = Main.storyboard;
			sourceTree = "<group>";
		};
		27F56BEB1F2F863C000BB17C /* LaunchScreen.storyboard */ = {
			isa = PBXVariantGroup;
			children = (
				27F56BEC1F2F863C000BB17C /* Base */,
			);
			name = LaunchScreen.storyboard;
			sourceTree = "<group>";
		};
/* End PBXVariantGroup section */

/* Begin XCBuildConfiguration section */
		27F56BEF1F2F863C000BB17C /* Debug */ = {
			isa = XCBuildConfiguration;
			buildSettings = {
				ALWAYS_SEARCH_USER_PATHS = NO;
				CLANG_ANALYZER_NONNULL = YES;
				CLANG_ANALYZER_NUMBER_OBJECT_CONVERSION = YES_AGGRESSIVE;
				CLANG_CXX_LANGUAGE_STANDARD = "gnu++0x";
				CLANG_CXX_LIBRARY = "libc++";
				CLANG_ENABLE_MODULES = YES;
				CLANG_ENABLE_OBJC_ARC = YES;
				CLANG_WARN_BOOL_CONVERSION = YES;
				CLANG_WARN_CONSTANT_CONVERSION = YES;
				CLANG_WARN_DIRECT_OBJC_ISA_USAGE = YES_ERROR;
				CLANG_WARN_DOCUMENTATION_COMMENTS = YES;
				CLANG_WARN_EMPTY_BODY = YES;
				CLANG_WARN_ENUM_CONVERSION = YES;
				CLANG_WARN_INFINITE_RECURSION = YES;
				CLANG_WARN_INT_CONVERSION = YES;
				CLANG_WARN_OBJC_ROOT_CLASS = YES_ERROR;
				CLANG_WARN_SUSPICIOUS_MOVE = YES;
				CLANG_WARN_UNREACHABLE_CODE = YES;
				CLANG_WARN__DUPLICATE_METHOD_MATCH = YES;
				"CODE_SIGN_IDENTITY[sdk=iphoneos*]" = "iPhone Developer";
				COPY_PHASE_STRIP = NO;
				DEBUG_INFORMATION_FORMAT = dwarf;
				ENABLE_STRICT_OBJC_MSGSEND = YES;
				ENABLE_TESTABILITY = YES;
				GCC_C_LANGUAGE_STANDARD = gnu99;
				GCC_DYNAMIC_NO_PIC = NO;
				GCC_NO_COMMON_BLOCKS = YES;
				GCC_OPTIMIZATION_LEVEL = 0;
				GCC_PREPROCESSOR_DEFINITIONS = (
					"DEBUG=1",
					"$(inherited)",
				);
				GCC_WARN_64_TO_32_BIT_CONVERSION = YES;
				GCC_WARN_ABOUT_RETURN_TYPE = YES_ERROR;
				GCC_WARN_UNDECLARED_SELECTOR = YES;
				GCC_WARN_UNINITIALIZED_AUTOS = YES_AGGRESSIVE;
				GCC_WARN_UNUSED_FUNCTION = YES;
				GCC_WARN_UNUSED_VARIABLE = YES;
				IPHONEOS_DEPLOYMENT_TARGET = 10.3;
				MTL_ENABLE_DEBUG_INFO = YES;
				ONLY_ACTIVE_ARCH = YES;
				SDKROOT = iphoneos;
				SWIFT_ACTIVE_COMPILATION_CONDITIONS = DEBUG;
				SWIFT_OPTIMIZATION_LEVEL = "-Onone";
				TARGETED_DEVICE_FAMILY = 2;
			};
			name = Debug;
		};
		27F56BF01F2F863C000BB17C /* Release */ = {
			isa = XCBuildConfiguration;
			buildSettings = {
				ALWAYS_SEARCH_USER_PATHS = NO;
				CLANG_ANALYZER_NONNULL = YES;
				CLANG_ANALYZER_NUMBER_OBJECT_CONVERSION = YES_AGGRESSIVE;
				CLANG_CXX_LANGUAGE_STANDARD = "gnu++0x";
				CLANG_CXX_LIBRARY = "libc++";
				CLANG_ENABLE_MODULES = YES;
				CLANG_ENABLE_OBJC_ARC = YES;
				CLANG_WARN_BOOL_CONVERSION = YES;
				CLANG_WARN_CONSTANT_CONVERSION = YES;
				CLANG_WARN_DIRECT_OBJC_ISA_USAGE = YES_ERROR;
				CLANG_WARN_DOCUMENTATION_COMMENTS = YES;
				CLANG_WARN_EMPTY_BODY = YES;
				CLANG_WARN_ENUM_CONVERSION = YES;
				CLANG_WARN_INFINITE_RECURSION = YES;
				CLANG_WARN_INT_CONVERSION = YES;
				CLANG_WARN_OBJC_ROOT_CLASS = YES_ERROR;
				CLANG_WARN_SUSPICIOUS_MOVE = YES;
				CLANG_WARN_UNREACHABLE_CODE = YES;
				CLANG_WARN__DUPLICATE_METHOD_MATCH = YES;
				"CODE_SIGN_IDENTITY[sdk=iphoneos*]" = "iPhone Developer";
				COPY_PHASE_STRIP = NO;
				DEBUG_INFORMATION_FORMAT = "dwarf-with-dsym";
				ENABLE_NS_ASSERTIONS = NO;
				ENABLE_STRICT_OBJC_MSGSEND = YES;
				GCC_C_LANGUAGE_STANDARD = gnu99;
				GCC_NO_COMMON_BLOCKS = YES;
				GCC_WARN_64_TO_32_BIT_CONVERSION = YES;
				GCC_WARN_ABOUT_RETURN_TYPE = YES_ERROR;
				GCC_WARN_UNDECLARED_SELECTOR = YES;
				GCC_WARN_UNINITIALIZED_AUTOS = YES_AGGRESSIVE;
				GCC_WARN_UNUSED_FUNCTION = YES;
				GCC_WARN_UNUSED_VARIABLE = YES;
				IPHONEOS_DEPLOYMENT_TARGET = 10.3;
				MTL_ENABLE_DEBUG_INFO = NO;
				SDKROOT = iphoneos;
				SWIFT_OPTIMIZATION_LEVEL = "-Owholemodule";
				TARGETED_DEVICE_FAMILY = 2;
				VALIDATE_PRODUCT = YES;
			};
			name = Release;
		};
		27F56BF21F2F863C000BB17C /* Debug */ = {
			isa = XCBuildConfiguration;
			buildSettings = {
				ASSETCATALOG_COMPILER_APPICON_NAME = AppIcon;
				DEVELOPMENT_TEAM = 4WU9L65MXB;
				INFOPLIST_FILE = Project31/Info.plist;
				LD_RUNPATH_SEARCH_PATHS = "$(inherited) @executable_path/Frameworks";
				PRODUCT_BUNDLE_IDENTIFIER = "com.Chappy-App.Project31";
				PRODUCT_NAME = "$(TARGET_NAME)";
				SWIFT_VERSION = 3.0;
			};
			name = Debug;
		};
		27F56BF31F2F863C000BB17C /* Release */ = {
			isa = XCBuildConfiguration;
			buildSettings = {
				ASSETCATALOG_COMPILER_APPICON_NAME = AppIcon;
				DEVELOPMENT_TEAM = 4WU9L65MXB;
				INFOPLIST_FILE = Project31/Info.plist;
				LD_RUNPATH_SEARCH_PATHS = "$(inherited) @executable_path/Frameworks";
				PRODUCT_BUNDLE_IDENTIFIER = "com.Chappy-App.Project31";
				PRODUCT_NAME = "$(TARGET_NAME)";
				SWIFT_VERSION = 3.0;
			};
			name = Release;
		};
/* End XCBuildConfiguration section */

/* Begin XCConfigurationList section */
		27F56BDA1F2F863C000BB17C /* Build configuration list for PBXProject "Project31" */ = {
			isa = XCConfigurationList;
			buildConfigurations = (
				27F56BEF1F2F863C000BB17C /* Debug */,
				27F56BF01F2F863C000BB17C /* Release */,
			);
			defaultConfigurationIsVisible = 0;
			defaultConfigurationName = Release;
		};
		27F56BF11F2F863C000BB17C /* Build configuration list for PBXNativeTarget "Project31" */ = {
			isa = XCConfigurationList;
			buildConfigurations = (
				27F56BF21F2F863C000BB17C /* Debug */,
				27F56BF31F2F863C000BB17C /* Release */,
			);
			defaultConfigurationIsVisible = 0;
		};
/* End XCConfigurationList section */
	};
	rootObject = 27F56BD71F2F863C000BB17C /* Project object */;
}
